// !$*UTF8*$!
{
	archiveVersion = 1;
	classes = {
	};
	objectVersion = 46;
	objects = {

/* Begin PBXBuildFile section */
		0A1415B5199B12D50095D6E7 /* PickWavesForUploadViewController.m in Sources */ = {isa = PBXBuildFile; fileRef = 0A1415B4199B12D50095D6E7 /* PickWavesForUploadViewController.m */; };
		0A163DC418AAD72900148595 /* DetailedImageViewController.m in Sources */ = {isa = PBXBuildFile; fileRef = 0A163DC318AAD72900148595 /* DetailedImageViewController.m */; };
		0A28E5D71889B87B00B7BDDB /* SignUpViewController.m in Sources */ = {isa = PBXBuildFile; fileRef = 0A28E5D61889B87B00B7BDDB /* SignUpViewController.m */; };
		0A28E5DA1889B8B300B7BDDB /* EchoWaveViewController.m in Sources */ = {isa = PBXBuildFile; fileRef = 0A28E5D91889B8B300B7BDDB /* EchoWaveViewController.m */; };
		0A28E5DD1889B8C400B7BDDB /* BlendsViewController.m in Sources */ = {isa = PBXBuildFile; fileRef = 0A28E5DC1889B8C400B7BDDB /* BlendsViewController.m */; };
		0A28E5E11889C5EF00B7BDDB /* EWWave.m in Sources */ = {isa = PBXBuildFile; fileRef = 0A28E5E01889C5EF00B7BDDB /* EWWave.m */; };
		0A28E5E41889C60400B7BDDB /* EWImage.m in Sources */ = {isa = PBXBuildFile; fileRef = 0A28E5E31889C60400B7BDDB /* EWImage.m */; };
		0A28E5E71889C61500B7BDDB /* EWBlend.m in Sources */ = {isa = PBXBuildFile; fileRef = 0A28E5E61889C61500B7BDDB /* EWBlend.m */; };
		0A28E5EA188F36C200B7BDDB /* SignInViewController.m in Sources */ = {isa = PBXBuildFile; fileRef = 0A28E5E9188F36C200B7BDDB /* SignInViewController.m */; };
		0A28E5ED188F36D300B7BDDB /* HomeViewController.m in Sources */ = {isa = PBXBuildFile; fileRef = 0A28E5EC188F36D300B7BDDB /* HomeViewController.m */; };
		0A34C00E18556B4100E085BC /* libFlurry_4.3.0.a in Frameworks */ = {isa = PBXBuildFile; fileRef = 0A34C00D18556B4100E085BC /* libFlurry_4.3.0.a */; };
		0A34FEFD18F4A1F600B5AF34 /* WaveDetailsViewController.m in Sources */ = {isa = PBXBuildFile; fileRef = 0A34FEFC18F4A1F600B5AF34 /* WaveDetailsViewController.m */; };
		0A5BF76919103661005C2742 /* QuartzCore.framework in Frameworks */ = {isa = PBXBuildFile; fileRef = 0A5BF76819103661005C2742 /* QuartzCore.framework */; };
		0A6B326C193509EE00AE6A6E /* DetailedImagePageViewController.m in Sources */ = {isa = PBXBuildFile; fileRef = 0A6B326B193509EE00AE6A6E /* DetailedImagePageViewController.m */; };
		0A7C733C18948E9300292622 /* NavigationTabBarViewController.m in Sources */ = {isa = PBXBuildFile; fileRef = 0A7C733B18948E9300292622 /* NavigationTabBarViewController.m */; };
		0AB1CF511890C1380056A94A /* EWDataModel.m in Sources */ = {isa = PBXBuildFile; fileRef = 0AB1CF501890C1380056A94A /* EWDataModel.m */; };
		0ABC9315199C4A680011F502 /* DateTimePickerViewController.m in Sources */ = {isa = PBXBuildFile; fileRef = 0ABC9314199C4A680011F502 /* DateTimePickerViewController.m */; };
		0AC91E66186BF50300D61381 /* Security.framework in Frameworks */ = {isa = PBXBuildFile; fileRef = 0AC91E65186BF50300D61381 /* Security.framework */; };
		0AC91E68186BF52F00D61381 /* SystemConfiguration.framework in Frameworks */ = {isa = PBXBuildFile; fileRef = 0AC91E67186BF52F00D61381 /* SystemConfiguration.framework */; };
		0AD529DF18C7A46C0047951D /* Default-568h@2x.png in Resources */ = {isa = PBXBuildFile; fileRef = 0AD529DE18C7A4470047951D /* Default-568h@2x.png */; };
		0AD6E24918011F59008303E0 /* Foundation.framework in Frameworks */ = {isa = PBXBuildFile; fileRef = 0AD6E24818011F59008303E0 /* Foundation.framework */; };
		0AD6E24B18011F59008303E0 /* CoreGraphics.framework in Frameworks */ = {isa = PBXBuildFile; fileRef = 0AD6E24A18011F59008303E0 /* CoreGraphics.framework */; };
		0AD6E24D18011F59008303E0 /* UIKit.framework in Frameworks */ = {isa = PBXBuildFile; fileRef = 0AD6E24C18011F59008303E0 /* UIKit.framework */; };
		0AD6E25318011F59008303E0 /* InfoPlist.strings in Resources */ = {isa = PBXBuildFile; fileRef = 0AD6E25118011F59008303E0 /* InfoPlist.strings */; };
		0AD6E25518011F59008303E0 /* main.m in Sources */ = {isa = PBXBuildFile; fileRef = 0AD6E25418011F59008303E0 /* main.m */; };
		0AD6E25918011F59008303E0 /* EchowavesAppDelegate.m in Sources */ = {isa = PBXBuildFile; fileRef = 0AD6E25818011F59008303E0 /* EchowavesAppDelegate.m */; };
		0AD6E25C18011F59008303E0 /* Main_iPhone.storyboard in Resources */ = {isa = PBXBuildFile; fileRef = 0AD6E25A18011F59008303E0 /* Main_iPhone.storyboard */; };
		0AD6E26218011F59008303E0 /* WavingViewController.m in Sources */ = {isa = PBXBuildFile; fileRef = 0AD6E26118011F59008303E0 /* WavingViewController.m */; };
		0AD6E26418011F59008303E0 /* Images.xcassets in Resources */ = {isa = PBXBuildFile; fileRef = 0AD6E26318011F59008303E0 /* Images.xcassets */; };
		0AD6E26B18011F59008303E0 /* XCTest.framework in Frameworks */ = {isa = PBXBuildFile; fileRef = 0AD6E26A18011F59008303E0 /* XCTest.framework */; };
		0AD6E26C18011F59008303E0 /* Foundation.framework in Frameworks */ = {isa = PBXBuildFile; fileRef = 0AD6E24818011F59008303E0 /* Foundation.framework */; };
		0AD6E26D18011F59008303E0 /* UIKit.framework in Frameworks */ = {isa = PBXBuildFile; fileRef = 0AD6E24C18011F59008303E0 /* UIKit.framework */; };
		0AD6E27518011F59008303E0 /* InfoPlist.strings in Resources */ = {isa = PBXBuildFile; fileRef = 0AD6E27318011F59008303E0 /* InfoPlist.strings */; };
		0AD6E27718011F59008303E0 /* EchowavesTests.m in Sources */ = {isa = PBXBuildFile; fileRef = 0AD6E27618011F59008303E0 /* EchowavesTests.m */; };
		0AEB92BF18A6F3FC00DE51DC /* BlendWithViewController.m in Sources */ = {isa = PBXBuildFile; fileRef = 0AEB92BE18A6F3FC00DE51DC /* BlendWithViewController.m */; };
		0AF15B6C1940FF6D00625F34 /* AFHTTPRequestOperation.m in Sources */ = {isa = PBXBuildFile; fileRef = 0AF15B5A1940FF6D00625F34 /* AFHTTPRequestOperation.m */; };
		0AF15B6D1940FF6D00625F34 /* AFHTTPRequestOperationManager.m in Sources */ = {isa = PBXBuildFile; fileRef = 0AF15B5C1940FF6D00625F34 /* AFHTTPRequestOperationManager.m */; };
		0AF15B6E1940FF6D00625F34 /* AFHTTPSessionManager.m in Sources */ = {isa = PBXBuildFile; fileRef = 0AF15B5E1940FF6D00625F34 /* AFHTTPSessionManager.m */; };
		0AF15B6F1940FF6D00625F34 /* AFNetworkReachabilityManager.m in Sources */ = {isa = PBXBuildFile; fileRef = 0AF15B611940FF6D00625F34 /* AFNetworkReachabilityManager.m */; };
		0AF15B701940FF6D00625F34 /* AFSecurityPolicy.m in Sources */ = {isa = PBXBuildFile; fileRef = 0AF15B631940FF6D00625F34 /* AFSecurityPolicy.m */; };
		0AF15B711940FF6D00625F34 /* AFURLConnectionOperation.m in Sources */ = {isa = PBXBuildFile; fileRef = 0AF15B651940FF6D00625F34 /* AFURLConnectionOperation.m */; };
		0AF15B721940FF6D00625F34 /* AFURLRequestSerialization.m in Sources */ = {isa = PBXBuildFile; fileRef = 0AF15B671940FF6D00625F34 /* AFURLRequestSerialization.m */; };
		0AF15B731940FF6D00625F34 /* AFURLResponseSerialization.m in Sources */ = {isa = PBXBuildFile; fileRef = 0AF15B691940FF6D00625F34 /* AFURLResponseSerialization.m */; };
		0AF15B741940FF6D00625F34 /* AFURLSessionManager.m in Sources */ = {isa = PBXBuildFile; fileRef = 0AF15B6B1940FF6D00625F34 /* AFURLSessionManager.m */; };
		0AF15B871940FF8300625F34 /* AFNetworkActivityIndicatorManager.m in Sources */ = {isa = PBXBuildFile; fileRef = 0AF15B771940FF8300625F34 /* AFNetworkActivityIndicatorManager.m */; };
		0AF15B881940FF8300625F34 /* UIActivityIndicatorView+AFNetworking.m in Sources */ = {isa = PBXBuildFile; fileRef = 0AF15B791940FF8300625F34 /* UIActivityIndicatorView+AFNetworking.m */; };
		0AF15B891940FF8300625F34 /* UIAlertView+AFNetworking.m in Sources */ = {isa = PBXBuildFile; fileRef = 0AF15B7B1940FF8300625F34 /* UIAlertView+AFNetworking.m */; };
		0AF15B8A1940FF8300625F34 /* UIButton+AFNetworking.m in Sources */ = {isa = PBXBuildFile; fileRef = 0AF15B7D1940FF8300625F34 /* UIButton+AFNetworking.m */; };
		0AF15B8B1940FF8300625F34 /* UIImageView+AFNetworking.m in Sources */ = {isa = PBXBuildFile; fileRef = 0AF15B7F1940FF8300625F34 /* UIImageView+AFNetworking.m */; };
		0AF15B8C1940FF8300625F34 /* UIProgressView+AFNetworking.m in Sources */ = {isa = PBXBuildFile; fileRef = 0AF15B821940FF8300625F34 /* UIProgressView+AFNetworking.m */; };
		0AF15B8D1940FF8300625F34 /* UIRefreshControl+AFNetworking.m in Sources */ = {isa = PBXBuildFile; fileRef = 0AF15B841940FF8300625F34 /* UIRefreshControl+AFNetworking.m */; };
		0AF15B8E1940FF8300625F34 /* UIWebView+AFNetworking.m in Sources */ = {isa = PBXBuildFile; fileRef = 0AF15B861940FF8300625F34 /* UIWebView+AFNetworking.m */; };
		0AF4BA77192BEB1200E11E29 /* AcceptBlendingRequestViewController.m in Sources */ = {isa = PBXBuildFile; fileRef = 0AF4BA76192BEB1200E11E29 /* AcceptBlendingRequestViewController.m */; };
		0AF5954F19B0E86A0073FC5F /* HorizontalPickerView.m in Sources */ = {isa = PBXBuildFile; fileRef = 0AF5954719B0E86A0073FC5F /* HorizontalPickerView.m */; };
		0AF5955019B0E86A0073FC5F /* HPCollectionVC.m in Sources */ = {isa = PBXBuildFile; fileRef = 0AF5954919B0E86A0073FC5F /* HPCollectionVC.m */; };
		0AF5955119B0E86A0073FC5F /* HPCollectionViewCell.m in Sources */ = {isa = PBXBuildFile; fileRef = 0AF5954B19B0E86A0073FC5F /* HPCollectionViewCell.m */; };
		0AF5955219B0E86A0073FC5F /* HPCollectionViewFlowLayout.m in Sources */ = {isa = PBXBuildFile; fileRef = 0AF5954D19B0E86A0073FC5F /* HPCollectionViewFlowLayout.m */; };
		0AFD9A6D18ECD457007F5749 /* UploadProgressViewController.m in Sources */ = {isa = PBXBuildFile; fileRef = 0AFD9A6C18ECD457007F5749 /* UploadProgressViewController.m */; };
		0AFD9A7018ECEBA2007F5749 /* AddChildWaveViewController.m in Sources */ = {isa = PBXBuildFile; fileRef = 0AFD9A6F18ECEBA2007F5749 /* AddChildWaveViewController.m */; };
		7A65E0D618CB19B800204530 /* EchowavesImagePickerController.m in Sources */ = {isa = PBXBuildFile; fileRef = 7A65E0D518CB19B800204530 /* EchowavesImagePickerController.m */; };
/* End PBXBuildFile section */

/* Begin PBXContainerItemProxy section */
		0AD6E26E18011F59008303E0 /* PBXContainerItemProxy */ = {
			isa = PBXContainerItemProxy;
			containerPortal = 0AD6E23D18011F59008303E0 /* Project object */;
			proxyType = 1;
			remoteGlobalIDString = 0AD6E24418011F59008303E0;
			remoteInfo = Echowaves;
		};
/* End PBXContainerItemProxy section */

/* Begin PBXFileReference section */
		0A13C8D119416C30004BD744 /* Echowaves-Bridging-Header.h */ = {isa = PBXFileReference; lastKnownFileType = sourcecode.c.h; path = "Echowaves-Bridging-Header.h"; sourceTree = "<group>"; };
		0A1415B3199B12D50095D6E7 /* PickWavesForUploadViewController.h */ = {isa = PBXFileReference; fileEncoding = 4; lastKnownFileType = sourcecode.c.h; path = PickWavesForUploadViewController.h; sourceTree = "<group>"; };
		0A1415B4199B12D50095D6E7 /* PickWavesForUploadViewController.m */ = {isa = PBXFileReference; fileEncoding = 4; lastKnownFileType = sourcecode.c.objc; path = PickWavesForUploadViewController.m; sourceTree = "<group>"; };
		0A163DC218AAD72900148595 /* DetailedImageViewController.h */ = {isa = PBXFileReference; fileEncoding = 4; lastKnownFileType = sourcecode.c.h; path = DetailedImageViewController.h; sourceTree = "<group>"; };
		0A163DC318AAD72900148595 /* DetailedImageViewController.m */ = {isa = PBXFileReference; fileEncoding = 4; lastKnownFileType = sourcecode.c.objc; path = DetailedImageViewController.m; sourceTree = "<group>"; };
		0A28E5D51889B87B00B7BDDB /* SignUpViewController.h */ = {isa = PBXFileReference; fileEncoding = 4; lastKnownFileType = sourcecode.c.h; path = SignUpViewController.h; sourceTree = "<group>"; };
		0A28E5D61889B87B00B7BDDB /* SignUpViewController.m */ = {isa = PBXFileReference; fileEncoding = 4; lastKnownFileType = sourcecode.c.objc; path = SignUpViewController.m; sourceTree = "<group>"; };
		0A28E5D81889B8B300B7BDDB /* EchoWaveViewController.h */ = {isa = PBXFileReference; fileEncoding = 4; lastKnownFileType = sourcecode.c.h; path = EchoWaveViewController.h; sourceTree = "<group>"; };
		0A28E5D91889B8B300B7BDDB /* EchoWaveViewController.m */ = {isa = PBXFileReference; fileEncoding = 4; lastKnownFileType = sourcecode.c.objc; path = EchoWaveViewController.m; sourceTree = "<group>"; };
		0A28E5DB1889B8C400B7BDDB /* BlendsViewController.h */ = {isa = PBXFileReference; fileEncoding = 4; lastKnownFileType = sourcecode.c.h; path = BlendsViewController.h; sourceTree = "<group>"; };
		0A28E5DC1889B8C400B7BDDB /* BlendsViewController.m */ = {isa = PBXFileReference; fileEncoding = 4; lastKnownFileType = sourcecode.c.objc; path = BlendsViewController.m; sourceTree = "<group>"; };
		0A28E5DF1889C5EF00B7BDDB /* EWWave.h */ = {isa = PBXFileReference; fileEncoding = 4; lastKnownFileType = sourcecode.c.h; path = EWWave.h; sourceTree = "<group>"; };
		0A28E5E01889C5EF00B7BDDB /* EWWave.m */ = {isa = PBXFileReference; fileEncoding = 4; lastKnownFileType = sourcecode.c.objc; path = EWWave.m; sourceTree = "<group>"; };
		0A28E5E21889C60400B7BDDB /* EWImage.h */ = {isa = PBXFileReference; fileEncoding = 4; lastKnownFileType = sourcecode.c.h; path = EWImage.h; sourceTree = "<group>"; };
		0A28E5E31889C60400B7BDDB /* EWImage.m */ = {isa = PBXFileReference; fileEncoding = 4; lastKnownFileType = sourcecode.c.objc; path = EWImage.m; sourceTree = "<group>"; };
		0A28E5E51889C61500B7BDDB /* EWBlend.h */ = {isa = PBXFileReference; fileEncoding = 4; lastKnownFileType = sourcecode.c.h; path = EWBlend.h; sourceTree = "<group>"; };
		0A28E5E61889C61500B7BDDB /* EWBlend.m */ = {isa = PBXFileReference; fileEncoding = 4; lastKnownFileType = sourcecode.c.objc; path = EWBlend.m; sourceTree = "<group>"; };
		0A28E5E8188F36C200B7BDDB /* SignInViewController.h */ = {isa = PBXFileReference; fileEncoding = 4; lastKnownFileType = sourcecode.c.h; path = SignInViewController.h; sourceTree = "<group>"; };
		0A28E5E9188F36C200B7BDDB /* SignInViewController.m */ = {isa = PBXFileReference; fileEncoding = 4; lastKnownFileType = sourcecode.c.objc; path = SignInViewController.m; sourceTree = "<group>"; };
		0A28E5EB188F36D300B7BDDB /* HomeViewController.h */ = {isa = PBXFileReference; fileEncoding = 4; lastKnownFileType = sourcecode.c.h; path = HomeViewController.h; sourceTree = "<group>"; };
		0A28E5EC188F36D300B7BDDB /* HomeViewController.m */ = {isa = PBXFileReference; fileEncoding = 4; lastKnownFileType = sourcecode.c.objc; path = HomeViewController.m; sourceTree = "<group>"; };
		0A34C00C18556B4100E085BC /* Flurry.h */ = {isa = PBXFileReference; fileEncoding = 4; lastKnownFileType = sourcecode.c.h; path = Flurry.h; sourceTree = "<group>"; };
		0A34C00D18556B4100E085BC /* libFlurry_4.3.0.a */ = {isa = PBXFileReference; lastKnownFileType = archive.ar; path = libFlurry_4.3.0.a; sourceTree = "<group>"; };
		0A34FEFB18F4A1F600B5AF34 /* WaveDetailsViewController.h */ = {isa = PBXFileReference; fileEncoding = 4; lastKnownFileType = sourcecode.c.h; path = WaveDetailsViewController.h; sourceTree = "<group>"; };
		0A34FEFC18F4A1F600B5AF34 /* WaveDetailsViewController.m */ = {isa = PBXFileReference; fileEncoding = 4; lastKnownFileType = sourcecode.c.objc; path = WaveDetailsViewController.m; sourceTree = "<group>"; };
		0A5BF76819103661005C2742 /* QuartzCore.framework */ = {isa = PBXFileReference; lastKnownFileType = wrapper.framework; name = QuartzCore.framework; path = System/Library/Frameworks/QuartzCore.framework; sourceTree = SDKROOT; };
		0A6B326A193509EE00AE6A6E /* DetailedImagePageViewController.h */ = {isa = PBXFileReference; fileEncoding = 4; lastKnownFileType = sourcecode.c.h; path = DetailedImagePageViewController.h; sourceTree = "<group>"; };
		0A6B326B193509EE00AE6A6E /* DetailedImagePageViewController.m */ = {isa = PBXFileReference; fileEncoding = 4; lastKnownFileType = sourcecode.c.objc; path = DetailedImagePageViewController.m; sourceTree = "<group>"; };
		0A7C733A18948E9300292622 /* NavigationTabBarViewController.h */ = {isa = PBXFileReference; fileEncoding = 4; lastKnownFileType = sourcecode.c.h; path = NavigationTabBarViewController.h; sourceTree = "<group>"; };
		0A7C733B18948E9300292622 /* NavigationTabBarViewController.m */ = {isa = PBXFileReference; fileEncoding = 4; lastKnownFileType = sourcecode.c.objc; path = NavigationTabBarViewController.m; sourceTree = "<group>"; };
		0AB1CF4F1890C1380056A94A /* EWDataModel.h */ = {isa = PBXFileReference; fileEncoding = 4; lastKnownFileType = sourcecode.c.h; path = EWDataModel.h; sourceTree = "<group>"; };
		0AB1CF501890C1380056A94A /* EWDataModel.m */ = {isa = PBXFileReference; fileEncoding = 4; lastKnownFileType = sourcecode.c.objc; path = EWDataModel.m; sourceTree = "<group>"; };
		0ABC9313199C4A680011F502 /* DateTimePickerViewController.h */ = {isa = PBXFileReference; fileEncoding = 4; lastKnownFileType = sourcecode.c.h; path = DateTimePickerViewController.h; sourceTree = "<group>"; };
		0ABC9314199C4A680011F502 /* DateTimePickerViewController.m */ = {isa = PBXFileReference; fileEncoding = 4; lastKnownFileType = sourcecode.c.objc; path = DateTimePickerViewController.m; sourceTree = "<group>"; };
		0AC91E65186BF50300D61381 /* Security.framework */ = {isa = PBXFileReference; lastKnownFileType = wrapper.framework; name = Security.framework; path = System/Library/Frameworks/Security.framework; sourceTree = SDKROOT; };
		0AC91E67186BF52F00D61381 /* SystemConfiguration.framework */ = {isa = PBXFileReference; lastKnownFileType = wrapper.framework; name = SystemConfiguration.framework; path = System/Library/Frameworks/SystemConfiguration.framework; sourceTree = SDKROOT; };
		0AD529DC18C7A4200047951D /* Default.png */ = {isa = PBXFileReference; lastKnownFileType = image.png; path = Default.png; sourceTree = "<group>"; };
		0AD529DD18C7A4360047951D /* Default~iphone.png */ = {isa = PBXFileReference; lastKnownFileType = image.png; path = "Default~iphone.png"; sourceTree = "<group>"; };
		0AD529DE18C7A4470047951D /* Default-568h@2x.png */ = {isa = PBXFileReference; lastKnownFileType = image.png; path = "Default-568h@2x.png"; sourceTree = "<group>"; };
		0AD6E24518011F59008303E0 /* Echowaves.app */ = {isa = PBXFileReference; explicitFileType = wrapper.application; includeInIndex = 0; path = Echowaves.app; sourceTree = BUILT_PRODUCTS_DIR; };
		0AD6E24818011F59008303E0 /* Foundation.framework */ = {isa = PBXFileReference; lastKnownFileType = wrapper.framework; name = Foundation.framework; path = System/Library/Frameworks/Foundation.framework; sourceTree = SDKROOT; };
		0AD6E24A18011F59008303E0 /* CoreGraphics.framework */ = {isa = PBXFileReference; lastKnownFileType = wrapper.framework; name = CoreGraphics.framework; path = System/Library/Frameworks/CoreGraphics.framework; sourceTree = SDKROOT; };
		0AD6E24C18011F59008303E0 /* UIKit.framework */ = {isa = PBXFileReference; lastKnownFileType = wrapper.framework; name = UIKit.framework; path = System/Library/Frameworks/UIKit.framework; sourceTree = SDKROOT; };
		0AD6E25018011F59008303E0 /* Echowaves-Info.plist */ = {isa = PBXFileReference; lastKnownFileType = text.plist.xml; path = "Echowaves-Info.plist"; sourceTree = "<group>"; };
		0AD6E25218011F59008303E0 /* en */ = {isa = PBXFileReference; lastKnownFileType = text.plist.strings; name = en; path = en.lproj/InfoPlist.strings; sourceTree = "<group>"; };
		0AD6E25418011F59008303E0 /* main.m */ = {isa = PBXFileReference; lastKnownFileType = sourcecode.c.objc; path = main.m; sourceTree = "<group>"; };
		0AD6E25618011F59008303E0 /* Echowaves-Prefix.pch */ = {isa = PBXFileReference; lastKnownFileType = sourcecode.c.h; path = "Echowaves-Prefix.pch"; sourceTree = "<group>"; };
		0AD6E25718011F59008303E0 /* EchowavesAppDelegate.h */ = {isa = PBXFileReference; lastKnownFileType = sourcecode.c.h; path = EchowavesAppDelegate.h; sourceTree = "<group>"; };
		0AD6E25818011F59008303E0 /* EchowavesAppDelegate.m */ = {isa = PBXFileReference; lastKnownFileType = sourcecode.c.objc; path = EchowavesAppDelegate.m; sourceTree = "<group>"; };
		0AD6E25B18011F59008303E0 /* Base */ = {isa = PBXFileReference; lastKnownFileType = file.storyboard; name = Base; path = Base.lproj/Main_iPhone.storyboard; sourceTree = "<group>"; };
		0AD6E26018011F59008303E0 /* WavingViewController.h */ = {isa = PBXFileReference; lastKnownFileType = sourcecode.c.h; path = WavingViewController.h; sourceTree = "<group>"; };
		0AD6E26118011F59008303E0 /* WavingViewController.m */ = {isa = PBXFileReference; lastKnownFileType = sourcecode.c.objc; path = WavingViewController.m; sourceTree = "<group>"; };
		0AD6E26318011F59008303E0 /* Images.xcassets */ = {isa = PBXFileReference; lastKnownFileType = folder.assetcatalog; path = Images.xcassets; sourceTree = "<group>"; };
		0AD6E26918011F59008303E0 /* EchowavesTests.xctest */ = {isa = PBXFileReference; explicitFileType = wrapper.cfbundle; includeInIndex = 0; path = EchowavesTests.xctest; sourceTree = BUILT_PRODUCTS_DIR; };
		0AD6E26A18011F59008303E0 /* XCTest.framework */ = {isa = PBXFileReference; lastKnownFileType = wrapper.framework; name = XCTest.framework; path = Library/Frameworks/XCTest.framework; sourceTree = DEVELOPER_DIR; };
		0AD6E27218011F59008303E0 /* EchowavesTests-Info.plist */ = {isa = PBXFileReference; lastKnownFileType = text.plist.xml; path = "EchowavesTests-Info.plist"; sourceTree = "<group>"; };
		0AD6E27418011F59008303E0 /* en */ = {isa = PBXFileReference; lastKnownFileType = text.plist.strings; name = en; path = en.lproj/InfoPlist.strings; sourceTree = "<group>"; };
		0AD6E27618011F59008303E0 /* EchowavesTests.m */ = {isa = PBXFileReference; lastKnownFileType = sourcecode.c.objc; path = EchowavesTests.m; sourceTree = "<group>"; };
		0AEB92BD18A6F3FC00DE51DC /* BlendWithViewController.h */ = {isa = PBXFileReference; fileEncoding = 4; lastKnownFileType = sourcecode.c.h; path = BlendWithViewController.h; sourceTree = "<group>"; };
		0AEB92BE18A6F3FC00DE51DC /* BlendWithViewController.m */ = {isa = PBXFileReference; fileEncoding = 4; lastKnownFileType = sourcecode.c.objc; path = BlendWithViewController.m; sourceTree = "<group>"; };
		0AF15B591940FF6D00625F34 /* AFHTTPRequestOperation.h */ = {isa = PBXFileReference; fileEncoding = 4; lastKnownFileType = sourcecode.c.h; path = AFHTTPRequestOperation.h; sourceTree = "<group>"; };
		0AF15B5A1940FF6D00625F34 /* AFHTTPRequestOperation.m */ = {isa = PBXFileReference; fileEncoding = 4; lastKnownFileType = sourcecode.c.objc; path = AFHTTPRequestOperation.m; sourceTree = "<group>"; };
		0AF15B5B1940FF6D00625F34 /* AFHTTPRequestOperationManager.h */ = {isa = PBXFileReference; fileEncoding = 4; lastKnownFileType = sourcecode.c.h; path = AFHTTPRequestOperationManager.h; sourceTree = "<group>"; };
		0AF15B5C1940FF6D00625F34 /* AFHTTPRequestOperationManager.m */ = {isa = PBXFileReference; fileEncoding = 4; lastKnownFileType = sourcecode.c.objc; path = AFHTTPRequestOperationManager.m; sourceTree = "<group>"; };
		0AF15B5D1940FF6D00625F34 /* AFHTTPSessionManager.h */ = {isa = PBXFileReference; fileEncoding = 4; lastKnownFileType = sourcecode.c.h; path = AFHTTPSessionManager.h; sourceTree = "<group>"; };
		0AF15B5E1940FF6D00625F34 /* AFHTTPSessionManager.m */ = {isa = PBXFileReference; fileEncoding = 4; lastKnownFileType = sourcecode.c.objc; path = AFHTTPSessionManager.m; sourceTree = "<group>"; };
		0AF15B5F1940FF6D00625F34 /* AFNetworking.h */ = {isa = PBXFileReference; fileEncoding = 4; lastKnownFileType = sourcecode.c.h; path = AFNetworking.h; sourceTree = "<group>"; };
		0AF15B601940FF6D00625F34 /* AFNetworkReachabilityManager.h */ = {isa = PBXFileReference; fileEncoding = 4; lastKnownFileType = sourcecode.c.h; path = AFNetworkReachabilityManager.h; sourceTree = "<group>"; };
		0AF15B611940FF6D00625F34 /* AFNetworkReachabilityManager.m */ = {isa = PBXFileReference; fileEncoding = 4; lastKnownFileType = sourcecode.c.objc; path = AFNetworkReachabilityManager.m; sourceTree = "<group>"; };
		0AF15B621940FF6D00625F34 /* AFSecurityPolicy.h */ = {isa = PBXFileReference; fileEncoding = 4; lastKnownFileType = sourcecode.c.h; path = AFSecurityPolicy.h; sourceTree = "<group>"; };
		0AF15B631940FF6D00625F34 /* AFSecurityPolicy.m */ = {isa = PBXFileReference; fileEncoding = 4; lastKnownFileType = sourcecode.c.objc; path = AFSecurityPolicy.m; sourceTree = "<group>"; };
		0AF15B641940FF6D00625F34 /* AFURLConnectionOperation.h */ = {isa = PBXFileReference; fileEncoding = 4; lastKnownFileType = sourcecode.c.h; path = AFURLConnectionOperation.h; sourceTree = "<group>"; };
		0AF15B651940FF6D00625F34 /* AFURLConnectionOperation.m */ = {isa = PBXFileReference; fileEncoding = 4; lastKnownFileType = sourcecode.c.objc; path = AFURLConnectionOperation.m; sourceTree = "<group>"; };
		0AF15B661940FF6D00625F34 /* AFURLRequestSerialization.h */ = {isa = PBXFileReference; fileEncoding = 4; lastKnownFileType = sourcecode.c.h; path = AFURLRequestSerialization.h; sourceTree = "<group>"; };
		0AF15B671940FF6D00625F34 /* AFURLRequestSerialization.m */ = {isa = PBXFileReference; fileEncoding = 4; lastKnownFileType = sourcecode.c.objc; path = AFURLRequestSerialization.m; sourceTree = "<group>"; };
		0AF15B681940FF6D00625F34 /* AFURLResponseSerialization.h */ = {isa = PBXFileReference; fileEncoding = 4; lastKnownFileType = sourcecode.c.h; path = AFURLResponseSerialization.h; sourceTree = "<group>"; };
		0AF15B691940FF6D00625F34 /* AFURLResponseSerialization.m */ = {isa = PBXFileReference; fileEncoding = 4; lastKnownFileType = sourcecode.c.objc; path = AFURLResponseSerialization.m; sourceTree = "<group>"; };
		0AF15B6A1940FF6D00625F34 /* AFURLSessionManager.h */ = {isa = PBXFileReference; fileEncoding = 4; lastKnownFileType = sourcecode.c.h; path = AFURLSessionManager.h; sourceTree = "<group>"; };
		0AF15B6B1940FF6D00625F34 /* AFURLSessionManager.m */ = {isa = PBXFileReference; fileEncoding = 4; lastKnownFileType = sourcecode.c.objc; path = AFURLSessionManager.m; sourceTree = "<group>"; };
		0AF15B761940FF8300625F34 /* AFNetworkActivityIndicatorManager.h */ = {isa = PBXFileReference; fileEncoding = 4; lastKnownFileType = sourcecode.c.h; path = AFNetworkActivityIndicatorManager.h; sourceTree = "<group>"; };
		0AF15B771940FF8300625F34 /* AFNetworkActivityIndicatorManager.m */ = {isa = PBXFileReference; fileEncoding = 4; lastKnownFileType = sourcecode.c.objc; path = AFNetworkActivityIndicatorManager.m; sourceTree = "<group>"; };
		0AF15B781940FF8300625F34 /* UIActivityIndicatorView+AFNetworking.h */ = {isa = PBXFileReference; fileEncoding = 4; lastKnownFileType = sourcecode.c.h; path = "UIActivityIndicatorView+AFNetworking.h"; sourceTree = "<group>"; };
		0AF15B791940FF8300625F34 /* UIActivityIndicatorView+AFNetworking.m */ = {isa = PBXFileReference; fileEncoding = 4; lastKnownFileType = sourcecode.c.objc; path = "UIActivityIndicatorView+AFNetworking.m"; sourceTree = "<group>"; };
		0AF15B7A1940FF8300625F34 /* UIAlertView+AFNetworking.h */ = {isa = PBXFileReference; fileEncoding = 4; lastKnownFileType = sourcecode.c.h; path = "UIAlertView+AFNetworking.h"; sourceTree = "<group>"; };
		0AF15B7B1940FF8300625F34 /* UIAlertView+AFNetworking.m */ = {isa = PBXFileReference; fileEncoding = 4; lastKnownFileType = sourcecode.c.objc; path = "UIAlertView+AFNetworking.m"; sourceTree = "<group>"; };
		0AF15B7C1940FF8300625F34 /* UIButton+AFNetworking.h */ = {isa = PBXFileReference; fileEncoding = 4; lastKnownFileType = sourcecode.c.h; path = "UIButton+AFNetworking.h"; sourceTree = "<group>"; };
		0AF15B7D1940FF8300625F34 /* UIButton+AFNetworking.m */ = {isa = PBXFileReference; fileEncoding = 4; lastKnownFileType = sourcecode.c.objc; path = "UIButton+AFNetworking.m"; sourceTree = "<group>"; };
		0AF15B7E1940FF8300625F34 /* UIImageView+AFNetworking.h */ = {isa = PBXFileReference; fileEncoding = 4; lastKnownFileType = sourcecode.c.h; path = "UIImageView+AFNetworking.h"; sourceTree = "<group>"; };
		0AF15B7F1940FF8300625F34 /* UIImageView+AFNetworking.m */ = {isa = PBXFileReference; fileEncoding = 4; lastKnownFileType = sourcecode.c.objc; path = "UIImageView+AFNetworking.m"; sourceTree = "<group>"; };
		0AF15B801940FF8300625F34 /* UIKit+AFNetworking.h */ = {isa = PBXFileReference; fileEncoding = 4; lastKnownFileType = sourcecode.c.h; path = "UIKit+AFNetworking.h"; sourceTree = "<group>"; };
		0AF15B811940FF8300625F34 /* UIProgressView+AFNetworking.h */ = {isa = PBXFileReference; fileEncoding = 4; lastKnownFileType = sourcecode.c.h; path = "UIProgressView+AFNetworking.h"; sourceTree = "<group>"; };
		0AF15B821940FF8300625F34 /* UIProgressView+AFNetworking.m */ = {isa = PBXFileReference; fileEncoding = 4; lastKnownFileType = sourcecode.c.objc; path = "UIProgressView+AFNetworking.m"; sourceTree = "<group>"; };
		0AF15B831940FF8300625F34 /* UIRefreshControl+AFNetworking.h */ = {isa = PBXFileReference; fileEncoding = 4; lastKnownFileType = sourcecode.c.h; path = "UIRefreshControl+AFNetworking.h"; sourceTree = "<group>"; };
		0AF15B841940FF8300625F34 /* UIRefreshControl+AFNetworking.m */ = {isa = PBXFileReference; fileEncoding = 4; lastKnownFileType = sourcecode.c.objc; path = "UIRefreshControl+AFNetworking.m"; sourceTree = "<group>"; };
		0AF15B851940FF8300625F34 /* UIWebView+AFNetworking.h */ = {isa = PBXFileReference; fileEncoding = 4; lastKnownFileType = sourcecode.c.h; path = "UIWebView+AFNetworking.h"; sourceTree = "<group>"; };
		0AF15B861940FF8300625F34 /* UIWebView+AFNetworking.m */ = {isa = PBXFileReference; fileEncoding = 4; lastKnownFileType = sourcecode.c.objc; path = "UIWebView+AFNetworking.m"; sourceTree = "<group>"; };
		0AF4BA75192BEB1200E11E29 /* AcceptBlendingRequestViewController.h */ = {isa = PBXFileReference; fileEncoding = 4; lastKnownFileType = sourcecode.c.h; path = AcceptBlendingRequestViewController.h; sourceTree = "<group>"; };
		0AF4BA76192BEB1200E11E29 /* AcceptBlendingRequestViewController.m */ = {isa = PBXFileReference; fileEncoding = 4; lastKnownFileType = sourcecode.c.objc; path = AcceptBlendingRequestViewController.m; sourceTree = "<group>"; };
		0AF5954519B0E86A0073FC5F /* HorizontalPickerView-Prefix.pch */ = {isa = PBXFileReference; fileEncoding = 4; lastKnownFileType = sourcecode.c.h; name = "HorizontalPickerView-Prefix.pch"; path = "Resources/HorizontalPicker/HorizontalPickerView-Prefix.pch"; sourceTree = "<group>"; };
		0AF5954619B0E86A0073FC5F /* HorizontalPickerView.h */ = {isa = PBXFileReference; fileEncoding = 4; lastKnownFileType = sourcecode.c.h; name = HorizontalPickerView.h; path = Resources/HorizontalPicker/HorizontalPickerView.h; sourceTree = "<group>"; };
		0AF5954719B0E86A0073FC5F /* HorizontalPickerView.m */ = {isa = PBXFileReference; fileEncoding = 4; lastKnownFileType = sourcecode.c.objc; name = HorizontalPickerView.m; path = Resources/HorizontalPicker/HorizontalPickerView.m; sourceTree = "<group>"; };
		0AF5954819B0E86A0073FC5F /* HPCollectionVC.h */ = {isa = PBXFileReference; fileEncoding = 4; lastKnownFileType = sourcecode.c.h; name = HPCollectionVC.h; path = Resources/HorizontalPicker/HPCollectionVC.h; sourceTree = "<group>"; };
		0AF5954919B0E86A0073FC5F /* HPCollectionVC.m */ = {isa = PBXFileReference; fileEncoding = 4; lastKnownFileType = sourcecode.c.objc; name = HPCollectionVC.m; path = Resources/HorizontalPicker/HPCollectionVC.m; sourceTree = "<group>"; };
		0AF5954A19B0E86A0073FC5F /* HPCollectionViewCell.h */ = {isa = PBXFileReference; fileEncoding = 4; lastKnownFileType = sourcecode.c.h; name = HPCollectionViewCell.h; path = Resources/HorizontalPicker/HPCollectionViewCell.h; sourceTree = "<group>"; };
		0AF5954B19B0E86A0073FC5F /* HPCollectionViewCell.m */ = {isa = PBXFileReference; fileEncoding = 4; lastKnownFileType = sourcecode.c.objc; name = HPCollectionViewCell.m; path = Resources/HorizontalPicker/HPCollectionViewCell.m; sourceTree = "<group>"; };
		0AF5954C19B0E86A0073FC5F /* HPCollectionViewFlowLayout.h */ = {isa = PBXFileReference; fileEncoding = 4; lastKnownFileType = sourcecode.c.h; name = HPCollectionViewFlowLayout.h; path = Resources/HorizontalPicker/HPCollectionViewFlowLayout.h; sourceTree = "<group>"; };
		0AF5954D19B0E86A0073FC5F /* HPCollectionViewFlowLayout.m */ = {isa = PBXFileReference; fileEncoding = 4; lastKnownFileType = sourcecode.c.objc; name = HPCollectionViewFlowLayout.m; path = Resources/HorizontalPicker/HPCollectionViewFlowLayout.m; sourceTree = "<group>"; };
		0AF5954E19B0E86A0073FC5F /* HPickerDefinitions.h */ = {isa = PBXFileReference; fileEncoding = 4; lastKnownFileType = sourcecode.c.h; name = HPickerDefinitions.h; path = Resources/HorizontalPicker/HPickerDefinitions.h; sourceTree = "<group>"; };
		0AFD9A6B18ECD457007F5749 /* UploadProgressViewController.h */ = {isa = PBXFileReference; fileEncoding = 4; lastKnownFileType = sourcecode.c.h; path = UploadProgressViewController.h; sourceTree = "<group>"; };
		0AFD9A6C18ECD457007F5749 /* UploadProgressViewController.m */ = {isa = PBXFileReference; fileEncoding = 4; lastKnownFileType = sourcecode.c.objc; path = UploadProgressViewController.m; sourceTree = "<group>"; };
		0AFD9A6E18ECEBA2007F5749 /* AddChildWaveViewController.h */ = {isa = PBXFileReference; fileEncoding = 4; lastKnownFileType = sourcecode.c.h; path = AddChildWaveViewController.h; sourceTree = "<group>"; };
		0AFD9A6F18ECEBA2007F5749 /* AddChildWaveViewController.m */ = {isa = PBXFileReference; fileEncoding = 4; lastKnownFileType = sourcecode.c.objc; path = AddChildWaveViewController.m; sourceTree = "<group>"; };
		7A65E0D418CB19B800204530 /* EchowavesImagePickerController.h */ = {isa = PBXFileReference; fileEncoding = 4; lastKnownFileType = sourcecode.c.h; path = EchowavesImagePickerController.h; sourceTree = "<group>"; };
		7A65E0D518CB19B800204530 /* EchowavesImagePickerController.m */ = {isa = PBXFileReference; fileEncoding = 4; lastKnownFileType = sourcecode.c.objc; path = EchowavesImagePickerController.m; sourceTree = "<group>"; };
/* End PBXFileReference section */

/* Begin PBXFrameworksBuildPhase section */
		0AD6E24218011F59008303E0 /* Frameworks */ = {
			isa = PBXFrameworksBuildPhase;
			buildActionMask = 2147483647;
			files = (
				0A5BF76919103661005C2742 /* QuartzCore.framework in Frameworks */,
				0AC91E68186BF52F00D61381 /* SystemConfiguration.framework in Frameworks */,
				0AC91E66186BF50300D61381 /* Security.framework in Frameworks */,
				0AD6E24B18011F59008303E0 /* CoreGraphics.framework in Frameworks */,
				0A34C00E18556B4100E085BC /* libFlurry_4.3.0.a in Frameworks */,
				0AD6E24D18011F59008303E0 /* UIKit.framework in Frameworks */,
				0AD6E24918011F59008303E0 /* Foundation.framework in Frameworks */,
			);
			runOnlyForDeploymentPostprocessing = 0;
		};
		0AD6E26618011F59008303E0 /* Frameworks */ = {
			isa = PBXFrameworksBuildPhase;
			buildActionMask = 2147483647;
			files = (
				0AD6E26B18011F59008303E0 /* XCTest.framework in Frameworks */,
				0AD6E26D18011F59008303E0 /* UIKit.framework in Frameworks */,
				0AD6E26C18011F59008303E0 /* Foundation.framework in Frameworks */,
			);
			runOnlyForDeploymentPostprocessing = 0;
		};
/* End PBXFrameworksBuildPhase section */

/* Begin PBXGroup section */
		0A28E5DE1889C5C000B7BDDB /* Model */ = {
			isa = PBXGroup;
			children = (
				0A28E5DF1889C5EF00B7BDDB /* EWWave.h */,
				0A28E5E01889C5EF00B7BDDB /* EWWave.m */,
				0A28E5E21889C60400B7BDDB /* EWImage.h */,
				0A28E5E31889C60400B7BDDB /* EWImage.m */,
				0A28E5E51889C61500B7BDDB /* EWBlend.h */,
				0A28E5E61889C61500B7BDDB /* EWBlend.m */,
				0AB1CF4F1890C1380056A94A /* EWDataModel.h */,
				0AB1CF501890C1380056A94A /* EWDataModel.m */,
			);
			name = Model;
			sourceTree = "<group>";
		};
		0A34C00B18556B4100E085BC /* Flurry */ = {
			isa = PBXGroup;
			children = (
				0A34C00C18556B4100E085BC /* Flurry.h */,
				0A34C00D18556B4100E085BC /* libFlurry_4.3.0.a */,
			);
			name = Flurry;
			path = Resources/Flurry;
			sourceTree = "<group>";
		};
		0A34C00F18556B4800E085BC /* Resources */ = {
			isa = PBXGroup;
			children = (
				0A5BF76A19103685005C2742 /* HorizontalPickerView */,
				0A4621571888E29C005CC161 /* AFNetworking */,
				0A34C00B18556B4100E085BC /* Flurry */,
			);
			name = Resources;
			sourceTree = "<group>";
		};
		0A4621571888E29C005CC161 /* AFNetworking */ = {
			isa = PBXGroup;
			children = (
				0AF15B751940FF8300625F34 /* UIKit+AFNetworking */,
				0AF15B581940FF6D00625F34 /* AFNetworking */,
			);
			name = AFNetworking;
			path = Resources/AFNetworking;
			sourceTree = "<group>";
		};
		0A5BF76A19103685005C2742 /* HorizontalPickerView */ = {
			isa = PBXGroup;
			children = (
				0AF5954519B0E86A0073FC5F /* HorizontalPickerView-Prefix.pch */,
				0AF5954619B0E86A0073FC5F /* HorizontalPickerView.h */,
				0AF5954719B0E86A0073FC5F /* HorizontalPickerView.m */,
				0AF5954819B0E86A0073FC5F /* HPCollectionVC.h */,
				0AF5954919B0E86A0073FC5F /* HPCollectionVC.m */,
				0AF5954A19B0E86A0073FC5F /* HPCollectionViewCell.h */,
				0AF5954B19B0E86A0073FC5F /* HPCollectionViewCell.m */,
				0AF5954C19B0E86A0073FC5F /* HPCollectionViewFlowLayout.h */,
				0AF5954D19B0E86A0073FC5F /* HPCollectionViewFlowLayout.m */,
				0AF5954E19B0E86A0073FC5F /* HPickerDefinitions.h */,
			);
			name = HorizontalPickerView;
			sourceTree = "<group>";
		};
		0AD6E23C18011F59008303E0 = {
			isa = PBXGroup;
			children = (
				0AD529DE18C7A4470047951D /* Default-568h@2x.png */,
				0AD529DD18C7A4360047951D /* Default~iphone.png */,
				0AD529DC18C7A4200047951D /* Default.png */,
				0AD6E24E18011F59008303E0 /* Echowaves */,
				0AD6E27018011F59008303E0 /* EchowavesTests */,
				0AD6E24718011F59008303E0 /* Frameworks */,
				0AD6E24618011F59008303E0 /* Products */,
			);
			sourceTree = "<group>";
		};
		0AD6E24618011F59008303E0 /* Products */ = {
			isa = PBXGroup;
			children = (
				0AD6E24518011F59008303E0 /* Echowaves.app */,
				0AD6E26918011F59008303E0 /* EchowavesTests.xctest */,
			);
			name = Products;
			sourceTree = "<group>";
		};
		0AD6E24718011F59008303E0 /* Frameworks */ = {
			isa = PBXGroup;
			children = (
				0A5BF76819103661005C2742 /* QuartzCore.framework */,
				0AC91E67186BF52F00D61381 /* SystemConfiguration.framework */,
				0AC91E65186BF50300D61381 /* Security.framework */,
				0AD6E24818011F59008303E0 /* Foundation.framework */,
				0AD6E24A18011F59008303E0 /* CoreGraphics.framework */,
				0AD6E24C18011F59008303E0 /* UIKit.framework */,
				0AD6E26A18011F59008303E0 /* XCTest.framework */,
			);
			name = Frameworks;
			sourceTree = "<group>";
		};
		0AD6E24E18011F59008303E0 /* Echowaves */ = {
			isa = PBXGroup;
			children = (
				7A65E0D318CB19B800204530 /* VCs */,
				0A28E5DE1889C5C000B7BDDB /* Model */,
				0A34C00F18556B4800E085BC /* Resources */,
				0AD6E25A18011F59008303E0 /* Main_iPhone.storyboard */,
				0ABC9313199C4A680011F502 /* DateTimePickerViewController.h */,
				0ABC9314199C4A680011F502 /* DateTimePickerViewController.m */,
				0A1415B3199B12D50095D6E7 /* PickWavesForUploadViewController.h */,
				0A1415B4199B12D50095D6E7 /* PickWavesForUploadViewController.m */,
				0A6B326A193509EE00AE6A6E /* DetailedImagePageViewController.h */,
				0A6B326B193509EE00AE6A6E /* DetailedImagePageViewController.m */,
				0AF4BA75192BEB1200E11E29 /* AcceptBlendingRequestViewController.h */,
				0AF4BA76192BEB1200E11E29 /* AcceptBlendingRequestViewController.m */,
				0A34FEFB18F4A1F600B5AF34 /* WaveDetailsViewController.h */,
				0A34FEFC18F4A1F600B5AF34 /* WaveDetailsViewController.m */,
				0AFD9A6E18ECEBA2007F5749 /* AddChildWaveViewController.h */,
				0AFD9A6F18ECEBA2007F5749 /* AddChildWaveViewController.m */,
				0AFD9A6B18ECD457007F5749 /* UploadProgressViewController.h */,
				0AFD9A6C18ECD457007F5749 /* UploadProgressViewController.m */,
				0A163DC218AAD72900148595 /* DetailedImageViewController.h */,
				0A163DC318AAD72900148595 /* DetailedImageViewController.m */,
				0AEB92BD18A6F3FC00DE51DC /* BlendWithViewController.h */,
				0AEB92BE18A6F3FC00DE51DC /* BlendWithViewController.m */,
				0A7C733A18948E9300292622 /* NavigationTabBarViewController.h */,
				0A7C733B18948E9300292622 /* NavigationTabBarViewController.m */,
				0A28E5E8188F36C200B7BDDB /* SignInViewController.h */,
				0A28E5E9188F36C200B7BDDB /* SignInViewController.m */,
				0A28E5EB188F36D300B7BDDB /* HomeViewController.h */,
				0A28E5EC188F36D300B7BDDB /* HomeViewController.m */,
				0A28E5D81889B8B300B7BDDB /* EchoWaveViewController.h */,
				0A28E5D91889B8B300B7BDDB /* EchoWaveViewController.m */,
				0A28E5DB1889B8C400B7BDDB /* BlendsViewController.h */,
				0A28E5DC1889B8C400B7BDDB /* BlendsViewController.m */,
				0A28E5D51889B87B00B7BDDB /* SignUpViewController.h */,
				0A28E5D61889B87B00B7BDDB /* SignUpViewController.m */,
				0AD6E26018011F59008303E0 /* WavingViewController.h */,
				0AD6E26118011F59008303E0 /* WavingViewController.m */,
				0AD6E26318011F59008303E0 /* Images.xcassets */,
				0AD6E24F18011F59008303E0 /* Supporting Files */,
				0A13C8D119416C30004BD744 /* Echowaves-Bridging-Header.h */,
			);
			path = Echowaves;
			sourceTree = "<group>";
		};
		0AD6E24F18011F59008303E0 /* Supporting Files */ = {
			isa = PBXGroup;
			children = (
				0AD6E25718011F59008303E0 /* EchowavesAppDelegate.h */,
				0AD6E25818011F59008303E0 /* EchowavesAppDelegate.m */,
				0AD6E25018011F59008303E0 /* Echowaves-Info.plist */,
				0AD6E25118011F59008303E0 /* InfoPlist.strings */,
				0AD6E25418011F59008303E0 /* main.m */,
				0AD6E25618011F59008303E0 /* Echowaves-Prefix.pch */,
			);
			name = "Supporting Files";
			sourceTree = "<group>";
		};
		0AD6E27018011F59008303E0 /* EchowavesTests */ = {
			isa = PBXGroup;
			children = (
				0AD6E27618011F59008303E0 /* EchowavesTests.m */,
				0AD6E27118011F59008303E0 /* Supporting Files */,
			);
			path = EchowavesTests;
			sourceTree = "<group>";
		};
		0AD6E27118011F59008303E0 /* Supporting Files */ = {
			isa = PBXGroup;
			children = (
				0AD6E27218011F59008303E0 /* EchowavesTests-Info.plist */,
				0AD6E27318011F59008303E0 /* InfoPlist.strings */,
			);
			name = "Supporting Files";
			sourceTree = "<group>";
		};
		0AF15B581940FF6D00625F34 /* AFNetworking */ = {
			isa = PBXGroup;
			children = (
				0AF15B591940FF6D00625F34 /* AFHTTPRequestOperation.h */,
				0AF15B5A1940FF6D00625F34 /* AFHTTPRequestOperation.m */,
				0AF15B5B1940FF6D00625F34 /* AFHTTPRequestOperationManager.h */,
				0AF15B5C1940FF6D00625F34 /* AFHTTPRequestOperationManager.m */,
				0AF15B5D1940FF6D00625F34 /* AFHTTPSessionManager.h */,
				0AF15B5E1940FF6D00625F34 /* AFHTTPSessionManager.m */,
				0AF15B5F1940FF6D00625F34 /* AFNetworking.h */,
				0AF15B601940FF6D00625F34 /* AFNetworkReachabilityManager.h */,
				0AF15B611940FF6D00625F34 /* AFNetworkReachabilityManager.m */,
				0AF15B621940FF6D00625F34 /* AFSecurityPolicy.h */,
				0AF15B631940FF6D00625F34 /* AFSecurityPolicy.m */,
				0AF15B641940FF6D00625F34 /* AFURLConnectionOperation.h */,
				0AF15B651940FF6D00625F34 /* AFURLConnectionOperation.m */,
				0AF15B661940FF6D00625F34 /* AFURLRequestSerialization.h */,
				0AF15B671940FF6D00625F34 /* AFURLRequestSerialization.m */,
				0AF15B681940FF6D00625F34 /* AFURLResponseSerialization.h */,
				0AF15B691940FF6D00625F34 /* AFURLResponseSerialization.m */,
				0AF15B6A1940FF6D00625F34 /* AFURLSessionManager.h */,
				0AF15B6B1940FF6D00625F34 /* AFURLSessionManager.m */,
			);
			path = AFNetworking;
			sourceTree = "<group>";
		};
		0AF15B751940FF8300625F34 /* UIKit+AFNetworking */ = {
			isa = PBXGroup;
			children = (
				0AF15B761940FF8300625F34 /* AFNetworkActivityIndicatorManager.h */,
				0AF15B771940FF8300625F34 /* AFNetworkActivityIndicatorManager.m */,
				0AF15B781940FF8300625F34 /* UIActivityIndicatorView+AFNetworking.h */,
				0AF15B791940FF8300625F34 /* UIActivityIndicatorView+AFNetworking.m */,
				0AF15B7A1940FF8300625F34 /* UIAlertView+AFNetworking.h */,
				0AF15B7B1940FF8300625F34 /* UIAlertView+AFNetworking.m */,
				0AF15B7C1940FF8300625F34 /* UIButton+AFNetworking.h */,
				0AF15B7D1940FF8300625F34 /* UIButton+AFNetworking.m */,
				0AF15B7E1940FF8300625F34 /* UIImageView+AFNetworking.h */,
				0AF15B7F1940FF8300625F34 /* UIImageView+AFNetworking.m */,
				0AF15B801940FF8300625F34 /* UIKit+AFNetworking.h */,
				0AF15B811940FF8300625F34 /* UIProgressView+AFNetworking.h */,
				0AF15B821940FF8300625F34 /* UIProgressView+AFNetworking.m */,
				0AF15B831940FF8300625F34 /* UIRefreshControl+AFNetworking.h */,
				0AF15B841940FF8300625F34 /* UIRefreshControl+AFNetworking.m */,
				0AF15B851940FF8300625F34 /* UIWebView+AFNetworking.h */,
				0AF15B861940FF8300625F34 /* UIWebView+AFNetworking.m */,
			);
			path = "UIKit+AFNetworking";
			sourceTree = "<group>";
		};
		7A65E0D318CB19B800204530 /* VCs */ = {
			isa = PBXGroup;
			children = (
				7A65E0D418CB19B800204530 /* EchowavesImagePickerController.h */,
				7A65E0D518CB19B800204530 /* EchowavesImagePickerController.m */,
			);
			path = VCs;
			sourceTree = "<group>";
		};
/* End PBXGroup section */

/* Begin PBXNativeTarget section */
		0AD6E24418011F59008303E0 /* Echowaves */ = {
			isa = PBXNativeTarget;
			buildConfigurationList = 0AD6E27A18011F59008303E0 /* Build configuration list for PBXNativeTarget "Echowaves" */;
			buildPhases = (
				0AD6E24118011F59008303E0 /* Sources */,
				0AD6E24218011F59008303E0 /* Frameworks */,
				0AD6E24318011F59008303E0 /* Resources */,
			);
			buildRules = (
			);
			dependencies = (
			);
			name = Echowaves;
			productName = Echowaves;
			productReference = 0AD6E24518011F59008303E0 /* Echowaves.app */;
			productType = "com.apple.product-type.application";
		};
		0AD6E26818011F59008303E0 /* EchowavesTests */ = {
			isa = PBXNativeTarget;
			buildConfigurationList = 0AD6E27D18011F59008303E0 /* Build configuration list for PBXNativeTarget "EchowavesTests" */;
			buildPhases = (
				0AD6E26518011F59008303E0 /* Sources */,
				0AD6E26618011F59008303E0 /* Frameworks */,
				0AD6E26718011F59008303E0 /* Resources */,
			);
			buildRules = (
			);
			dependencies = (
				0AD6E26F18011F59008303E0 /* PBXTargetDependency */,
			);
			name = EchowavesTests;
			productName = EchowavesTests;
			productReference = 0AD6E26918011F59008303E0 /* EchowavesTests.xctest */;
			productType = "com.apple.product-type.bundle.unit-test";
		};
/* End PBXNativeTarget section */

/* Begin PBXProject section */
		0AD6E23D18011F59008303E0 /* Project object */ = {
			isa = PBXProject;
			attributes = {
				CLASSPREFIX = Echowaves;
				LastUpgradeCheck = 0500;
				ORGANIZATIONNAME = Echowaves;
				TargetAttributes = {
					0AD6E24418011F59008303E0 = {
						DevelopmentTeam = WG58VW2S68;
						SystemCapabilities = {
							com.apple.BackgroundModes = {
								enabled = 0;
							};
						};
					};
					0AD6E26818011F59008303E0 = {
						TestTargetID = 0AD6E24418011F59008303E0;
					};
				};
			};
			buildConfigurationList = 0AD6E24018011F59008303E0 /* Build configuration list for PBXProject "Echowaves" */;
			compatibilityVersion = "Xcode 3.2";
			developmentRegion = English;
			hasScannedForEncodings = 0;
			knownRegions = (
				en,
				Base,
			);
			mainGroup = 0AD6E23C18011F59008303E0;
			productRefGroup = 0AD6E24618011F59008303E0 /* Products */;
			projectDirPath = "";
			projectRoot = "";
			targets = (
				0AD6E24418011F59008303E0 /* Echowaves */,
				0AD6E26818011F59008303E0 /* EchowavesTests */,
			);
		};
/* End PBXProject section */

/* Begin PBXResourcesBuildPhase section */
		0AD6E24318011F59008303E0 /* Resources */ = {
			isa = PBXResourcesBuildPhase;
			buildActionMask = 2147483647;
			files = (
				0AD6E26418011F59008303E0 /* Images.xcassets in Resources */,
				0AD529DF18C7A46C0047951D /* Default-568h@2x.png in Resources */,
				0AD6E25C18011F59008303E0 /* Main_iPhone.storyboard in Resources */,
				0AD6E25318011F59008303E0 /* InfoPlist.strings in Resources */,
			);
			runOnlyForDeploymentPostprocessing = 0;
		};
		0AD6E26718011F59008303E0 /* Resources */ = {
			isa = PBXResourcesBuildPhase;
			buildActionMask = 2147483647;
			files = (
				0AD6E27518011F59008303E0 /* InfoPlist.strings in Resources */,
			);
			runOnlyForDeploymentPostprocessing = 0;
		};
/* End PBXResourcesBuildPhase section */

/* Begin PBXSourcesBuildPhase section */
		0AD6E24118011F59008303E0 /* Sources */ = {
			isa = PBXSourcesBuildPhase;
			buildActionMask = 2147483647;
			files = (
				0AF15B6C1940FF6D00625F34 /* AFHTTPRequestOperation.m in Sources */,
				0AF15B8B1940FF8300625F34 /* UIImageView+AFNetworking.m in Sources */,
				0A28E5DD1889B8C400B7BDDB /* BlendsViewController.m in Sources */,
				0AD6E26218011F59008303E0 /* WavingViewController.m in Sources */,
				0A28E5EA188F36C200B7BDDB /* SignInViewController.m in Sources */,
				0AF15B731940FF6D00625F34 /* AFURLResponseSerialization.m in Sources */,
				0AF15B881940FF8300625F34 /* UIActivityIndicatorView+AFNetworking.m in Sources */,
				0AB1CF511890C1380056A94A /* EWDataModel.m in Sources */,
				0A28E5DA1889B8B300B7BDDB /* EchoWaveViewController.m in Sources */,
				0AF5954F19B0E86A0073FC5F /* HorizontalPickerView.m in Sources */,
				0AF15B8A1940FF8300625F34 /* UIButton+AFNetworking.m in Sources */,
				0AF15B711940FF6D00625F34 /* AFURLConnectionOperation.m in Sources */,
				0AF15B6D1940FF6D00625F34 /* AFHTTPRequestOperationManager.m in Sources */,
				0AFD9A6D18ECD457007F5749 /* UploadProgressViewController.m in Sources */,
				0A34FEFD18F4A1F600B5AF34 /* WaveDetailsViewController.m in Sources */,
				7A65E0D618CB19B800204530 /* EchowavesImagePickerController.m in Sources */,
				0AF5955219B0E86A0073FC5F /* HPCollectionViewFlowLayout.m in Sources */,
				0A28E5D71889B87B00B7BDDB /* SignUpViewController.m in Sources */,
				0AFD9A7018ECEBA2007F5749 /* AddChildWaveViewController.m in Sources */,
				0AF15B741940FF6D00625F34 /* AFURLSessionManager.m in Sources */,
				0A7C733C18948E9300292622 /* NavigationTabBarViewController.m in Sources */,
				0AF15B871940FF8300625F34 /* AFNetworkActivityIndicatorManager.m in Sources */,
				0AF15B701940FF6D00625F34 /* AFSecurityPolicy.m in Sources */,
				0AF15B8C1940FF8300625F34 /* UIProgressView+AFNetworking.m in Sources */,
				0A28E5E11889C5EF00B7BDDB /* EWWave.m in Sources */,
				0A28E5E41889C60400B7BDDB /* EWImage.m in Sources */,
				0AF15B6F1940FF6D00625F34 /* AFNetworkReachabilityManager.m in Sources */,
				0AF5955019B0E86A0073FC5F /* HPCollectionVC.m in Sources */,
				0A28E5E71889C61500B7BDDB /* EWBlend.m in Sources */,
				0AF15B6E1940FF6D00625F34 /* AFHTTPSessionManager.m in Sources */,
				0AF15B721940FF6D00625F34 /* AFURLRequestSerialization.m in Sources */,
				0A1415B5199B12D50095D6E7 /* PickWavesForUploadViewController.m in Sources */,
				0AF15B891940FF8300625F34 /* UIAlertView+AFNetworking.m in Sources */,
				0A28E5ED188F36D300B7BDDB /* HomeViewController.m in Sources */,
				0ABC9315199C4A680011F502 /* DateTimePickerViewController.m in Sources */,
				0A163DC418AAD72900148595 /* DetailedImageViewController.m in Sources */,
				0A6B326C193509EE00AE6A6E /* DetailedImagePageViewController.m in Sources */,
				0AEB92BF18A6F3FC00DE51DC /* BlendWithViewController.m in Sources */,
				0AD6E25918011F59008303E0 /* EchowavesAppDelegate.m in Sources */,
				0AF15B8E1940FF8300625F34 /* UIWebView+AFNetworking.m in Sources */,
				0AF4BA77192BEB1200E11E29 /* AcceptBlendingRequestViewController.m in Sources */,
				0AF5955119B0E86A0073FC5F /* HPCollectionViewCell.m in Sources */,
				0AD6E25518011F59008303E0 /* main.m in Sources */,
				0AF15B8D1940FF8300625F34 /* UIRefreshControl+AFNetworking.m in Sources */,
			);
			runOnlyForDeploymentPostprocessing = 0;
		};
		0AD6E26518011F59008303E0 /* Sources */ = {
			isa = PBXSourcesBuildPhase;
			buildActionMask = 2147483647;
			files = (
				0AD6E27718011F59008303E0 /* EchowavesTests.m in Sources */,
			);
			runOnlyForDeploymentPostprocessing = 0;
		};
/* End PBXSourcesBuildPhase section */

/* Begin PBXTargetDependency section */
		0AD6E26F18011F59008303E0 /* PBXTargetDependency */ = {
			isa = PBXTargetDependency;
			target = 0AD6E24418011F59008303E0 /* Echowaves */;
			targetProxy = 0AD6E26E18011F59008303E0 /* PBXContainerItemProxy */;
		};
/* End PBXTargetDependency section */

/* Begin PBXVariantGroup section */
		0AD6E25118011F59008303E0 /* InfoPlist.strings */ = {
			isa = PBXVariantGroup;
			children = (
				0AD6E25218011F59008303E0 /* en */,
			);
			name = InfoPlist.strings;
			sourceTree = "<group>";
		};
		0AD6E25A18011F59008303E0 /* Main_iPhone.storyboard */ = {
			isa = PBXVariantGroup;
			children = (
				0AD6E25B18011F59008303E0 /* Base */,
			);
			name = Main_iPhone.storyboard;
			sourceTree = "<group>";
		};
		0AD6E27318011F59008303E0 /* InfoPlist.strings */ = {
			isa = PBXVariantGroup;
			children = (
				0AD6E27418011F59008303E0 /* en */,
			);
			name = InfoPlist.strings;
			sourceTree = "<group>";
		};
/* End PBXVariantGroup section */

/* Begin XCBuildConfiguration section */
		0AD6E27818011F59008303E0 /* Debug */ = {
			isa = XCBuildConfiguration;
			buildSettings = {
				ALWAYS_SEARCH_USER_PATHS = NO;
				CLANG_CXX_LANGUAGE_STANDARD = "gnu++0x";
				CLANG_CXX_LIBRARY = "libc++";
				CLANG_ENABLE_MODULES = YES;
				CLANG_ENABLE_OBJC_ARC = YES;
				CLANG_WARN_BOOL_CONVERSION = YES;
				CLANG_WARN_CONSTANT_CONVERSION = YES;
				CLANG_WARN_DIRECT_OBJC_ISA_USAGE = YES_ERROR;
				CLANG_WARN_EMPTY_BODY = YES;
				CLANG_WARN_ENUM_CONVERSION = YES;
				CLANG_WARN_INT_CONVERSION = YES;
				CLANG_WARN_OBJC_ROOT_CLASS = YES_ERROR;
				CLANG_WARN__DUPLICATE_METHOD_MATCH = YES;
				"CODE_SIGN_IDENTITY[sdk=iphoneos*]" = "iPhone Developer";
				COPY_PHASE_STRIP = NO;
				GCC_C_LANGUAGE_STANDARD = gnu99;
				GCC_DYNAMIC_NO_PIC = NO;
				GCC_OPTIMIZATION_LEVEL = 0;
				GCC_PREPROCESSOR_DEFINITIONS = (
					"DEBUG=1",
					"$(inherited)",
				);
				GCC_SYMBOLS_PRIVATE_EXTERN = NO;
				GCC_WARN_64_TO_32_BIT_CONVERSION = YES;
				GCC_WARN_ABOUT_RETURN_TYPE = YES_ERROR;
				GCC_WARN_UNDECLARED_SELECTOR = YES;
				GCC_WARN_UNINITIALIZED_AUTOS = YES;
				GCC_WARN_UNUSED_FUNCTION = YES;
				GCC_WARN_UNUSED_VARIABLE = YES;
				IPHONEOS_DEPLOYMENT_TARGET = 7.0;
				ONLY_ACTIVE_ARCH = YES;
				SDKROOT = iphoneos;
				TARGETED_DEVICE_FAMILY = "1,2";
			};
			name = Debug;
		};
		0AD6E27918011F59008303E0 /* Release */ = {
			isa = XCBuildConfiguration;
			buildSettings = {
				ALWAYS_SEARCH_USER_PATHS = NO;
				CLANG_CXX_LANGUAGE_STANDARD = "gnu++0x";
				CLANG_CXX_LIBRARY = "libc++";
				CLANG_ENABLE_MODULES = YES;
				CLANG_ENABLE_OBJC_ARC = YES;
				CLANG_WARN_BOOL_CONVERSION = YES;
				CLANG_WARN_CONSTANT_CONVERSION = YES;
				CLANG_WARN_DIRECT_OBJC_ISA_USAGE = YES_ERROR;
				CLANG_WARN_EMPTY_BODY = YES;
				CLANG_WARN_ENUM_CONVERSION = YES;
				CLANG_WARN_INT_CONVERSION = YES;
				CLANG_WARN_OBJC_ROOT_CLASS = YES_ERROR;
				CLANG_WARN__DUPLICATE_METHOD_MATCH = YES;
				"CODE_SIGN_IDENTITY[sdk=iphoneos*]" = "iPhone Developer";
				COPY_PHASE_STRIP = YES;
				ENABLE_NS_ASSERTIONS = NO;
				GCC_C_LANGUAGE_STANDARD = gnu99;
				GCC_WARN_64_TO_32_BIT_CONVERSION = YES;
				GCC_WARN_ABOUT_RETURN_TYPE = YES_ERROR;
				GCC_WARN_UNDECLARED_SELECTOR = YES;
				GCC_WARN_UNINITIALIZED_AUTOS = YES;
				GCC_WARN_UNUSED_FUNCTION = YES;
				GCC_WARN_UNUSED_VARIABLE = YES;
				IPHONEOS_DEPLOYMENT_TARGET = 7.0;
				SDKROOT = iphoneos;
				TARGETED_DEVICE_FAMILY = "1,2";
				VALIDATE_PRODUCT = YES;
			};
			name = Release;
		};
		0AD6E27B18011F59008303E0 /* Debug */ = {
			isa = XCBuildConfiguration;
			buildSettings = {
				ASSETCATALOG_COMPILER_APPICON_NAME = AppIcon;
				ASSETCATALOG_COMPILER_LAUNCHIMAGE_NAME = LaunchImage;
				CLANG_ENABLE_MODULES = YES;
				CODE_SIGN_IDENTITY = "iPhone Developer";
				"CODE_SIGN_IDENTITY[sdk=iphoneos*]" = "iPhone Developer";
				GCC_PRECOMPILE_PREFIX_HEADER = YES;
				GCC_PREFIX_HEADER = "Echowaves/Echowaves-Prefix.pch";
				INFOPLIST_FILE = "Echowaves/Echowaves-Info.plist";
				IPHONEOS_DEPLOYMENT_TARGET = 7.0;
				LD_RUNPATH_SEARCH_PATHS = "$(inherited) @executable_path/Frameworks";
				LIBRARY_SEARCH_PATHS = (
					"$(inherited)",
					"$(SRCROOT)/Echowaves/Resources/Flurry",
				);
				PRODUCT_NAME = "$(TARGET_NAME)";
				PROVISIONING_PROFILE = "";
				SWIFT_OBJC_BRIDGING_HEADER = "Echowaves/Echowaves-Bridging-Header.h";
				SWIFT_OPTIMIZATION_LEVEL = "-Onone";
				TARGETED_DEVICE_FAMILY = "1,2";
				WRAPPER_EXTENSION = app;
			};
			name = Debug;
		};
		0AD6E27C18011F59008303E0 /* Release */ = {
			isa = XCBuildConfiguration;
			buildSettings = {
				ASSETCATALOG_COMPILER_APPICON_NAME = AppIcon;
				ASSETCATALOG_COMPILER_LAUNCHIMAGE_NAME = LaunchImage;
				CLANG_ENABLE_MODULES = YES;
				CODE_SIGN_IDENTITY = "iPhone Developer";
				"CODE_SIGN_IDENTITY[sdk=iphoneos*]" = "iPhone Developer";
				GCC_PRECOMPILE_PREFIX_HEADER = YES;
				GCC_PREFIX_HEADER = "Echowaves/Echowaves-Prefix.pch";
				INFOPLIST_FILE = "Echowaves/Echowaves-Info.plist";
				IPHONEOS_DEPLOYMENT_TARGET = 7.0;
				LD_RUNPATH_SEARCH_PATHS = "$(inherited) @executable_path/Frameworks";
				LIBRARY_SEARCH_PATHS = (
					"$(inherited)",
					"$(SRCROOT)/Echowaves/Resources/Flurry",
				);
				PRODUCT_NAME = "$(TARGET_NAME)";
				PROVISIONING_PROFILE = "";
				SWIFT_OBJC_BRIDGING_HEADER = "Echowaves/Echowaves-Bridging-Header.h";
				TARGETED_DEVICE_FAMILY = "1,2";
				WRAPPER_EXTENSION = app;
			};
			name = Release;
		};
		0AD6E27E18011F59008303E0 /* Debug */ = {
			isa = XCBuildConfiguration;
			buildSettings = {
				BUNDLE_LOADER = "$(BUILT_PRODUCTS_DIR)/Echowaves.app/Echowaves";
				FRAMEWORK_SEARCH_PATHS = (
					"$(SDKROOT)/Developer/Library/Frameworks",
					"$(inherited)",
					"$(DEVELOPER_FRAMEWORKS_DIR)",
				);
				GCC_PRECOMPILE_PREFIX_HEADER = YES;
				GCC_PREFIX_HEADER = "Echowaves/Echowaves-Prefix.pch";
				GCC_PREPROCESSOR_DEFINITIONS = (
					"DEBUG=1",
					"$(inherited)",
				);
				INFOPLIST_FILE = "EchowavesTests/EchowavesTests-Info.plist";
				PRODUCT_NAME = "$(TARGET_NAME)";
				TEST_HOST = "$(BUNDLE_LOADER)";
				WRAPPER_EXTENSION = xctest;
			};
			name = Debug;
		};
		0AD6E27F18011F59008303E0 /* Release */ = {
			isa = XCBuildConfiguration;
			buildSettings = {
				BUNDLE_LOADER = "$(BUILT_PRODUCTS_DIR)/Echowaves.app/Echowaves";
				FRAMEWORK_SEARCH_PATHS = (
					"$(SDKROOT)/Developer/Library/Frameworks",
					"$(inherited)",
					"$(DEVELOPER_FRAMEWORKS_DIR)",
				);
				GCC_PRECOMPILE_PREFIX_HEADER = YES;
				GCC_PREFIX_HEADER = "Echowaves/Echowaves-Prefix.pch";
				INFOPLIST_FILE = "EchowavesTests/EchowavesTests-Info.plist";
				PRODUCT_NAME = "$(TARGET_NAME)";
				TEST_HOST = "$(BUNDLE_LOADER)";
				WRAPPER_EXTENSION = xctest;
			};
			name = Release;
		};
/* End XCBuildConfiguration section */

/* Begin XCConfigurationList section */
		0AD6E24018011F59008303E0 /* Build configuration list for PBXProject "Echowaves" */ = {
			isa = XCConfigurationList;
			buildConfigurations = (
				0AD6E27818011F59008303E0 /* Debug */,
				0AD6E27918011F59008303E0 /* Release */,
			);
			defaultConfigurationIsVisible = 0;
			defaultConfigurationName = Release;
		};
		0AD6E27A18011F59008303E0 /* Build configuration list for PBXNativeTarget "Echowaves" */ = {
			isa = XCConfigurationList;
			buildConfigurations = (
				0AD6E27B18011F59008303E0 /* Debug */,
				0AD6E27C18011F59008303E0 /* Release */,
			);
			defaultConfigurationIsVisible = 0;
			defaultConfigurationName = Release;
		};
		0AD6E27D18011F59008303E0 /* Build configuration list for PBXNativeTarget "EchowavesTests" */ = {
			isa = XCConfigurationList;
			buildConfigurations = (
				0AD6E27E18011F59008303E0 /* Debug */,
				0AD6E27F18011F59008303E0 /* Release */,
			);
			defaultConfigurationIsVisible = 0;
			defaultConfigurationName = Release;
		};
/* End XCConfigurationList section */
	};
	rootObject = 0AD6E23D18011F59008303E0 /* Project object */;
}
